<?xml version="1.0" encoding="utf-8"?>
<Project ToolsVersion="4.0" xmlns="http://schemas.microsoft.com/developer/msbuild/2003">
  <ItemGroup>
    <Filter Include="Puffin">
      <UniqueIdentifier>{8D98FACA-793A-25A1-62F5-38F54E36ACF1}</UniqueIdentifier>
    </Filter>
  </ItemGroup>
  <ItemGroup>
    <ClInclude Include="src\Puffin.h" />
    <ClInclude Include="src\Puffin\Application.h">
      <Filter>Puffin</Filter>
    </ClInclude>
    <ClInclude Include="src\Puffin\Core.h">
      <Filter>Puffin</Filter>
    </ClInclude>
    <ClInclude Include="src\Puffin\EntryPoint.h">
      <Filter>Puffin</Filter>
    </ClInclude>
    <ClInclude Include="src\Puffin\Log.h">
      <Filter>Puffin</Filter>
    </ClInclude>
  </ItemGroup>
  <ItemGroup>
    <ClCompile Include="src\Puffin\Application.cpp">
      <Filter>Puffin</Filter>
    </ClCompile>
    <ClCompile Include="src\Puffin\Log.cpp">
      <Filter>Puffin</Filter>
    </ClCompile>
  </ItemGroup>
</Project>